
Microsoft Visual Studio Solution File, Format Version 12.00
# Visual Studio 15
VisualStudioVersion = 15.0.27004.2005
MinimumVisualStudioVersion = 10.0.40219.1
Project("{FAE04EC0-301F-11D3-BF4B-00C04F79EFBC}") = "EFCore", "EFCore\EFCore.csproj", "{38F2D2A1-BBAA-4121-A86F-EF01F2B7834B}"
EndProject
Global
	GlobalSection(SolutionConfigurationPlatforms) = preSolution
		Debug|Any CPU = Debug|Any CPU
		Release|Any CPU = Release|Any CPU
	EndGlobalSection
	GlobalSection(ProjectConfigurationPlatforms) = postSolution
		{38F2D2A1-BBAA-4121-A86F-EF01F2B7834B}.Debug|Any CPU.ActiveCfg = Debug|Any CPU
		{38F2D2A1-BBAA-4121-A86F-EF01F2B7834B}.Debug|Any CPU.Build.0 = Debug|Any CPU
		{38F2D2A1-BBAA-4121-A86F-EF01F2B7834B}.Release|Any CPU.ActiveCfg = Release|Any CPU
		{38F2D2A1-BBAA-4121-A86F-EF01F2B7834B}.Release|Any CPU.Build.0 = Release|Any CPU
	EndGlobalSection
	GlobalSection(SolutionProperties) = preSolution
		HideSolutionNode = FALSE
	EndGlobalSection
	GlobalSection(ExtensibilityGlobals) = postSolution
		SolutionGuid = {914802B6-035F-4F68-BA4D-35E79BF0E496}
	EndGlobalSection
EndGlobal
