
Microsoft Visual Studio Solution File, Format Version 12.00
# Visual Studio 15
VisualStudioVersion = 15.0.26730.12
MinimumVisualStudioVersion = 10.0.40219.1
Project("{FAE04EC0-301F-11D3-BF4B-00C04F79EFBC}") = "WebApiTest", "WebApiTest\WebApiTest.csproj", "{E9B416D9-6DCC-453F-BFAE-2159FB8A3AFD}"
EndProject
Project("{FAE04EC0-301F-11D3-BF4B-00C04F79EFBC}") = "WebApiTest2", "WebApiTest2\WebApiTest2.csproj", "{B2CC906A-E548-4D3F-8855-EB7BB849E64F}"
EndProject
Project("{FAE04EC0-301F-11D3-BF4B-00C04F79EFBC}") = "WebApiFilter", "WebApiFilter\WebApiFilter.csproj", "{D6A042D0-C533-4DB8-A98A-87EF3D673047}"
EndProject
Project("{FAE04EC0-301F-11D3-BF4B-00C04F79EFBC}") = "WebApiException", "WebApiException\WebApiException.csproj", "{D770CDDC-70FF-4ACE-BF30-70797CE57638}"
EndProject
Project("{FAE04EC0-301F-11D3-BF4B-00C04F79EFBC}") = "JWTTest", "JWTTest\JWTTest.csproj", "{9AA5DCCD-B2C9-4325-A399-1BF300761C31}"
EndProject
Global
	GlobalSection(SolutionConfigurationPlatforms) = preSolution
		Debug|Any CPU = Debug|Any CPU
		Release|Any CPU = Release|Any CPU
	EndGlobalSection
	GlobalSection(ProjectConfigurationPlatforms) = postSolution
		{E9B416D9-6DCC-453F-BFAE-2159FB8A3AFD}.Debug|Any CPU.ActiveCfg = Debug|Any CPU
		{E9B416D9-6DCC-453F-BFAE-2159FB8A3AFD}.Debug|Any CPU.Build.0 = Debug|Any CPU
		{E9B416D9-6DCC-453F-BFAE-2159FB8A3AFD}.Release|Any CPU.ActiveCfg = Release|Any CPU
		{E9B416D9-6DCC-453F-BFAE-2159FB8A3AFD}.Release|Any CPU.Build.0 = Release|Any CPU
		{B2CC906A-E548-4D3F-8855-EB7BB849E64F}.Debug|Any CPU.ActiveCfg = Debug|Any CPU
		{B2CC906A-E548-4D3F-8855-EB7BB849E64F}.Debug|Any CPU.Build.0 = Debug|Any CPU
		{B2CC906A-E548-4D3F-8855-EB7BB849E64F}.Release|Any CPU.ActiveCfg = Release|Any CPU
		{B2CC906A-E548-4D3F-8855-EB7BB849E64F}.Release|Any CPU.Build.0 = Release|Any CPU
		{D6A042D0-C533-4DB8-A98A-87EF3D673047}.Debug|Any CPU.ActiveCfg = Debug|Any CPU
		{D6A042D0-C533-4DB8-A98A-87EF3D673047}.Debug|Any CPU.Build.0 = Debug|Any CPU
		{D6A042D0-C533-4DB8-A98A-87EF3D673047}.Release|Any CPU.ActiveCfg = Release|Any CPU
		{D6A042D0-C533-4DB8-A98A-87EF3D673047}.Release|Any CPU.Build.0 = Release|Any CPU
		{D770CDDC-70FF-4ACE-BF30-70797CE57638}.Debug|Any CPU.ActiveCfg = Debug|Any CPU
		{D770CDDC-70FF-4ACE-BF30-70797CE57638}.Debug|Any CPU.Build.0 = Debug|Any CPU
		{D770CDDC-70FF-4ACE-BF30-70797CE57638}.Release|Any CPU.ActiveCfg = Release|Any CPU
		{D770CDDC-70FF-4ACE-BF30-70797CE57638}.Release|Any CPU.Build.0 = Release|Any CPU
		{9AA5DCCD-B2C9-4325-A399-1BF300761C31}.Debug|Any CPU.ActiveCfg = Debug|Any CPU
		{9AA5DCCD-B2C9-4325-A399-1BF300761C31}.Debug|Any CPU.Build.0 = Debug|Any CPU
		{9AA5DCCD-B2C9-4325-A399-1BF300761C31}.Release|Any CPU.ActiveCfg = Release|Any CPU
		{9AA5DCCD-B2C9-4325-A399-1BF300761C31}.Release|Any CPU.Build.0 = Release|Any CPU
	EndGlobalSection
	GlobalSection(SolutionProperties) = preSolution
		HideSolutionNode = FALSE
	EndGlobalSection
	GlobalSection(ExtensibilityGlobals) = postSolution
		SolutionGuid = {266BD5D4-41E1-452D-A8AA-30E3896905B2}
	EndGlobalSection
EndGlobal
